// !$*UTF8*$!
{
	archiveVersion = 1;
	classes = {
	};
	objectVersion = 56;
	objects = {

/* Begin PBXBuildFile section */
		8D1F98FF2AA7243100904521 /* AppDelegate.swift in Sources */ = {isa = PBXBuildFile; fileRef = 8D1F98FE2AA7243100904521 /* AppDelegate.swift */; };
		8D1F99012AA7243100904521 /* SceneDelegate.swift in Sources */ = {isa = PBXBuildFile; fileRef = 8D1F99002AA7243100904521 /* SceneDelegate.swift */; };
		8D1F99032AA7243100904521 /* ViewController.swift in Sources */ = {isa = PBXBuildFile; fileRef = 8D1F99022AA7243100904521 /* ViewController.swift */; };
		8D1F99062AA7243100904521 /* Main.storyboard in Resources */ = {isa = PBXBuildFile; fileRef = 8D1F99042AA7243100904521 /* Main.storyboard */; };
		8D1F99082AA7243200904521 /* Assets.xcassets in Resources */ = {isa = PBXBuildFile; fileRef = 8D1F99072AA7243200904521 /* Assets.xcassets */; };
		8D1F990B2AA7243200904521 /* LaunchScreen.storyboard in Resources */ = {isa = PBXBuildFile; fileRef = 8D1F99092AA7243200904521 /* LaunchScreen.storyboard */; };
		8D1F99172AA7247300904521 /* Home.storyboard in Resources */ = {isa = PBXBuildFile; fileRef = 8D1F99162AA7247300904521 /* Home.storyboard */; };
		8D1F991A2AA7249C00904521 /* HomeViewC.swift in Sources */ = {isa = PBXBuildFile; fileRef = 8D1F99192AA7249C00904521 /* HomeViewC.swift */; };
/* End PBXBuildFile section */

/* Begin PBXFileReference section */
		8D1F98FB2AA7243100904521 /* Astrotalk_Demo_iOS_UIKit.app */ = {isa = PBXFileReference; explicitFileType = wrapper.application; includeInIndex = 0; path = Astrotalk_Demo_iOS_UIKit.app; sourceTree = BUILT_PRODUCTS_DIR; };
		8D1F98FE2AA7243100904521 /* AppDelegate.swift */ = {isa = PBXFileReference; lastKnownFileType = sourcecode.swift; path = AppDelegate.swift; sourceTree = "<group>"; };
		8D1F99002AA7243100904521 /* SceneDelegate.swift */ = {isa = PBXFileReference; lastKnownFileType = sourcecode.swift; path = SceneDelegate.swift; sourceTree = "<group>"; };
		8D1F99022AA7243100904521 /* ViewController.swift */ = {isa = PBXFileReference; lastKnownFileType = sourcecode.swift; path = ViewController.swift; sourceTree = "<group>"; };
		8D1F99052AA7243100904521 /* Base */ = {isa = PBXFileReference; lastKnownFileType = file.storyboard; name = Base; path = Base.lproj/Main.storyboard; sourceTree = "<group>"; };
		8D1F99072AA7243200904521 /* Assets.xcassets */ = {isa = PBXFileReference; lastKnownFileType = folder.assetcatalog; path = Assets.xcassets; sourceTree = "<group>"; };
		8D1F990A2AA7243200904521 /* Base */ = {isa = PBXFileReference; lastKnownFileType = file.storyboard; name = Base; path = Base.lproj/LaunchScreen.storyboard; sourceTree = "<group>"; };
		8D1F990C2AA7243200904521 /* Info.plist */ = {isa = PBXFileReference; lastKnownFileType = text.plist.xml; path = Info.plist; sourceTree = "<group>"; };
		8D1F99162AA7247300904521 /* Home.storyboard */ = {isa = PBXFileReference; lastKnownFileType = file.storyboard; path = Home.storyboard; sourceTree = "<group>"; };
		8D1F99192AA7249C00904521 /* HomeViewC.swift */ = {isa = PBXFileReference; lastKnownFileType = sourcecode.swift; path = HomeViewC.swift; sourceTree = "<group>"; };
/* End PBXFileReference section */

/* Begin PBXFrameworksBuildPhase section */
		8D1F98F82AA7243100904521 /* Frameworks */ = {
			isa = PBXFrameworksBuildPhase;
			buildActionMask = 2147483647;
			files = (
			);
			runOnlyForDeploymentPostprocessing = 0;
		};
/* End PBXFrameworksBuildPhase section */

/* Begin PBXGroup section */
		8D1F98F22AA7243100904521 = {
			isa = PBXGroup;
			children = (
				8D1F98FD2AA7243100904521 /* Astrotalk_Demo_iOS_UIKit */,
				8D1F98FC2AA7243100904521 /* Products */,
			);
			sourceTree = "<group>";
		};
		8D1F98FC2AA7243100904521 /* Products */ = {
			isa = PBXGroup;
			children = (
				8D1F98FB2AA7243100904521 /* Astrotalk_Demo_iOS_UIKit.app */,
			);
			name = Products;
			sourceTree = "<group>";
		};
		8D1F98FD2AA7243100904521 /* Astrotalk_Demo_iOS_UIKit */ = {
			isa = PBXGroup;
			children = (
				8D1F99122AA7244300904521 /* SystemFiles */,
				8D1F99182AA7248000904521 /* Controllers */,
				8D1F99132AA7244F00904521 /* Storyboards */,
				8D1F99152AA7245F00904521 /* Resources */,
				8D1F990C2AA7243200904521 /* Info.plist */,
			);
			path = Astrotalk_Demo_iOS_UIKit;
			sourceTree = "<group>";
		};
		8D1F99122AA7244300904521 /* SystemFiles */ = {
			isa = PBXGroup;
			children = (
				8D1F98FE2AA7243100904521 /* AppDelegate.swift */,
				8D1F99002AA7243100904521 /* SceneDelegate.swift */,
				8D1F99022AA7243100904521 /* ViewController.swift */,
			);
			path = SystemFiles;
			sourceTree = "<group>";
		};
		8D1F99132AA7244F00904521 /* Storyboards */ = {
			isa = PBXGroup;
			children = (
				8D1F99042AA7243100904521 /* Main.storyboard */,
				8D1F99092AA7243200904521 /* LaunchScreen.storyboard */,
				8D1F99162AA7247300904521 /* Home.storyboard */,
			);
			path = Storyboards;
			sourceTree = "<group>";
		};
		8D1F99142AA7245900904521 /* Assets */ = {
			isa = PBXGroup;
			children = (
				8D1F99072AA7243200904521 /* Assets.xcassets */,
			);
			path = Assets;
			sourceTree = "<group>";
		};
		8D1F99152AA7245F00904521 /* Resources */ = {
			isa = PBXGroup;
			children = (
				8D1F99142AA7245900904521 /* Assets */,
			);
			path = Resources;
			sourceTree = "<group>";
		};
		8D1F99182AA7248000904521 /* Controllers */ = {
			isa = PBXGroup;
			children = (
				8D1F99192AA7249C00904521 /* HomeViewC.swift */,
			);
			name = Controllers;
			sourceTree = "<group>";
		};
/* End PBXGroup section */

/* Begin PBXNativeTarget section */
		8D1F98FA2AA7243100904521 /* Astrotalk_Demo_iOS_UIKit */ = {
			isa = PBXNativeTarget;
			buildConfigurationList = 8D1F990F2AA7243200904521 /* Build configuration list for PBXNativeTarget "Astrotalk_Demo_iOS_UIKit" */;
			buildPhases = (
				8D1F98F72AA7243100904521 /* Sources */,
				8D1F98F82AA7243100904521 /* Frameworks */,
				8D1F98F92AA7243100904521 /* Resources */,
				8D1F99202AA727C100904521 /* ShellScript */,
			);
			buildRules = (
			);
			dependencies = (
			);
			name = Astrotalk_Demo_iOS_UIKit;
			packageProductDependencies = (
			);
			productName = Astrotalk_Demo_iOS_UIKit;
			productReference = 8D1F98FB2AA7243100904521 /* Astrotalk_Demo_iOS_UIKit.app */;
			productType = "com.apple.product-type.application";
		};
/* End PBXNativeTarget section */

/* Begin PBXProject section */
		8D1F98F32AA7243100904521 /* Project object */ = {
			isa = PBXProject;
			attributes = {
				BuildIndependentTargetsInParallel = 1;
				LastSwiftUpdateCheck = 1430;
				LastUpgradeCheck = 1430;
				TargetAttributes = {
					8D1F98FA2AA7243100904521 = {
						CreatedOnToolsVersion = 14.3.1;
					};
				};
			};
			buildConfigurationList = 8D1F98F62AA7243100904521 /* Build configuration list for PBXProject "Astrotalk_Demo_iOS_UIKit" */;
			compatibilityVersion = "Xcode 14.0";
			developmentRegion = en;
			hasScannedForEncodings = 0;
			knownRegions = (
				en,
				Base,
			);
			mainGroup = 8D1F98F22AA7243100904521;
			packageReferences = (
			);
			productRefGroup = 8D1F98FC2AA7243100904521 /* Products */;
			projectDirPath = "";
			projectRoot = "";
			targets = (
				8D1F98FA2AA7243100904521 /* Astrotalk_Demo_iOS_UIKit */,
			);
		};
/* End PBXProject section */

/* Begin PBXResourcesBuildPhase section */
		8D1F98F92AA7243100904521 /* Resources */ = {
			isa = PBXResourcesBuildPhase;
			buildActionMask = 2147483647;
			files = (
				8D1F990B2AA7243200904521 /* LaunchScreen.storyboard in Resources */,
				8D1F99082AA7243200904521 /* Assets.xcassets in Resources */,
				8D1F99062AA7243100904521 /* Main.storyboard in Resources */,
				8D1F99172AA7247300904521 /* Home.storyboard in Resources */,
			);
			runOnlyForDeploymentPostprocessing = 0;
		};
/* End PBXResourcesBuildPhase section */

/* Begin PBXShellScriptBuildPhase section */
		8D1F99202AA727C100904521 /* ShellScript */ = {
			isa = PBXShellScriptBuildPhase;
			buildActionMask = 2147483647;
			files = (
			);
			inputFileListPaths = (
			);
			inputPaths = (
			);
			outputFileListPaths = (
			);
			outputPaths = (
			);
			runOnlyForDeploymentPostprocessing = 0;
			shellPath = /bin/sh;
			shellScript = "if [[ \"$(uname -m)\" == arm64 ]]; then\n    export PATH=\"/opt/homebrew/bin:$PATH\"\nfi\n\nif which swiftlint > /dev/null; then\n  swiftlint\nelse\n  echo \"warning: SwiftLint not installed, download from https://github.com/realm/SwiftLint\"\nfi\n";
		};
/* End PBXShellScriptBuildPhase section */

/* Begin PBXSourcesBuildPhase section */
		8D1F98F72AA7243100904521 /* Sources */ = {
			isa = PBXSourcesBuildPhase;
			buildActionMask = 2147483647;
			files = (
				8D1F99032AA7243100904521 /* ViewController.swift in Sources */,
				8D1F991A2AA7249C00904521 /* HomeViewC.swift in Sources */,
				8D1F98FF2AA7243100904521 /* AppDelegate.swift in Sources */,
				8D1F99012AA7243100904521 /* SceneDelegate.swift in Sources */,
			);
			runOnlyForDeploymentPostprocessing = 0;
		};
/* End PBXSourcesBuildPhase section */

/* Begin PBXVariantGroup section */
		8D1F99042AA7243100904521 /* Main.storyboard */ = {
			isa = PBXVariantGroup;
			children = (
				8D1F99052AA7243100904521 /* Base */,
			);
			name = Main.storyboard;
			sourceTree = "<group>";
		};
		8D1F99092AA7243200904521 /* LaunchScreen.storyboard */ = {
			isa = PBXVariantGroup;
			children = (
				8D1F990A2AA7243200904521 /* Base */,
			);
			name = LaunchScreen.storyboard;
			sourceTree = "<group>";
		};
/* End PBXVariantGroup section */

/* Begin XCBuildConfiguration section */
		8D1F990D2AA7243200904521 /* Debug */ = {
			isa = XCBuildConfiguration;
			buildSettings = {
				ALWAYS_SEARCH_USER_PATHS = NO;
				CLANG_ANALYZER_NONNULL = YES;
				CLANG_ANALYZER_NUMBER_OBJECT_CONVERSION = YES_AGGRESSIVE;
				CLANG_CXX_LANGUAGE_STANDARD = "gnu++20";
				CLANG_ENABLE_MODULES = YES;
				CLANG_ENABLE_OBJC_ARC = YES;
				CLANG_ENABLE_OBJC_WEAK = YES;
				CLANG_WARN_BLOCK_CAPTURE_AUTORELEASING = YES;
				CLANG_WARN_BOOL_CONVERSION = YES;
				CLANG_WARN_COMMA = YES;
				CLANG_WARN_CONSTANT_CONVERSION = YES;
				CLANG_WARN_DEPRECATED_OBJC_IMPLEMENTATIONS = YES;
				CLANG_WARN_DIRECT_OBJC_ISA_USAGE = YES_ERROR;
				CLANG_WARN_DOCUMENTATION_COMMENTS = YES;
				CLANG_WARN_EMPTY_BODY = YES;
				CLANG_WARN_ENUM_CONVERSION = YES;
				CLANG_WARN_INFINITE_RECURSION = YES;
				CLANG_WARN_INT_CONVERSION = YES;
				CLANG_WARN_NON_LITERAL_NULL_CONVERSION = YES;
				CLANG_WARN_OBJC_IMPLICIT_RETAIN_SELF = YES;
				CLANG_WARN_OBJC_LITERAL_CONVERSION = YES;
				CLANG_WARN_OBJC_ROOT_CLASS = YES_ERROR;
				CLANG_WARN_QUOTED_INCLUDE_IN_FRAMEWORK_HEADER = YES;
				CLANG_WARN_RANGE_LOOP_ANALYSIS = YES;
				CLANG_WARN_STRICT_PROTOTYPES = YES;
				CLANG_WARN_SUSPICIOUS_MOVE = YES;
				CLANG_WARN_UNGUARDED_AVAILABILITY = YES_AGGRESSIVE;
				CLANG_WARN_UNREACHABLE_CODE = YES;
				CLANG_WARN__DUPLICATE_METHOD_MATCH = YES;
				COPY_PHASE_STRIP = NO;
				DEBUG_INFORMATION_FORMAT = dwarf;
				ENABLE_STRICT_OBJC_MSGSEND = YES;
				ENABLE_TESTABILITY = YES;
				GCC_C_LANGUAGE_STANDARD = gnu11;
				GCC_DYNAMIC_NO_PIC = NO;
				GCC_NO_COMMON_BLOCKS = YES;
				GCC_OPTIMIZATION_LEVEL = 0;
				GCC_PREPROCESSOR_DEFINITIONS = (
					"DEBUG=1",
					"$(inherited)",
				);
				GCC_WARN_64_TO_32_BIT_CONVERSION = YES;
				GCC_WARN_ABOUT_RETURN_TYPE = YES_ERROR;
				GCC_WARN_UNDECLARED_SELECTOR = YES;
				GCC_WARN_UNINITIALIZED_AUTOS = YES_AGGRESSIVE;
				GCC_WARN_UNUSED_FUNCTION = YES;
				GCC_WARN_UNUSED_VARIABLE = YES;
				IPHONEOS_DEPLOYMENT_TARGET = 16.4;
				MTL_ENABLE_DEBUG_INFO = INCLUDE_SOURCE;
				MTL_FAST_MATH = YES;
				ONLY_ACTIVE_ARCH = YES;
				SDKROOT = iphoneos;
				SWIFT_ACTIVE_COMPILATION_CONDITIONS = DEBUG;
				SWIFT_OPTIMIZATION_LEVEL = "-Onone";
			};
			name = Debug;
		};
		8D1F990E2AA7243200904521 /* Release */ = {
			isa = XCBuildConfiguration;
			buildSettings = {
				ALWAYS_SEARCH_USER_PATHS = NO;
				CLANG_ANALYZER_NONNULL = YES;
				CLANG_ANALYZER_NUMBER_OBJECT_CONVERSION = YES_AGGRESSIVE;
				CLANG_CXX_LANGUAGE_STANDARD = "gnu++20";
				CLANG_ENABLE_MODULES = YES;
				CLANG_ENABLE_OBJC_ARC = YES;
				CLANG_ENABLE_OBJC_WEAK = YES;
				CLANG_WARN_BLOCK_CAPTURE_AUTORELEASING = YES;
				CLANG_WARN_BOOL_CONVERSION = YES;
				CLANG_WARN_COMMA = YES;
				CLANG_WARN_CONSTANT_CONVERSION = YES;
				CLANG_WARN_DEPRECATED_OBJC_IMPLEMENTATIONS = YES;
				CLANG_WARN_DIRECT_OBJC_ISA_USAGE = YES_ERROR;
				CLANG_WARN_DOCUMENTATION_COMMENTS = YES;
				CLANG_WARN_EMPTY_BODY = YES;
				CLANG_WARN_ENUM_CONVERSION = YES;
				CLANG_WARN_INFINITE_RECURSION = YES;
				CLANG_WARN_INT_CONVERSION = YES;
				CLANG_WARN_NON_LITERAL_NULL_CONVERSION = YES;
				CLANG_WARN_OBJC_IMPLICIT_RETAIN_SELF = YES;
				CLANG_WARN_OBJC_LITERAL_CONVERSION = YES;
				CLANG_WARN_OBJC_ROOT_CLASS = YES_ERROR;
				CLANG_WARN_QUOTED_INCLUDE_IN_FRAMEWORK_HEADER = YES;
				CLANG_WARN_RANGE_LOOP_ANALYSIS = YES;
				CLANG_WARN_STRICT_PROTOTYPES = YES;
				CLANG_WARN_SUSPICIOUS_MOVE = YES;
				CLANG_WARN_UNGUARDED_AVAILABILITY = YES_AGGRESSIVE;
				CLANG_WARN_UNREACHABLE_CODE = YES;
				CLANG_WARN__DUPLICATE_METHOD_MATCH = YES;
				COPY_PHASE_STRIP = NO;
				DEBUG_INFORMATION_FORMAT = "dwarf-with-dsym";
				ENABLE_NS_ASSERTIONS = NO;
				ENABLE_STRICT_OBJC_MSGSEND = YES;
				GCC_C_LANGUAGE_STANDARD = gnu11;
				GCC_NO_COMMON_BLOCKS = YES;
				GCC_WARN_64_TO_32_BIT_CONVERSION = YES;
				GCC_WARN_ABOUT_RETURN_TYPE = YES_ERROR;
				GCC_WARN_UNDECLARED_SELECTOR = YES;
				GCC_WARN_UNINITIALIZED_AUTOS = YES_AGGRESSIVE;
				GCC_WARN_UNUSED_FUNCTION = YES;
				GCC_WARN_UNUSED_VARIABLE = YES;
				IPHONEOS_DEPLOYMENT_TARGET = 16.4;
				MTL_ENABLE_DEBUG_INFO = NO;
				MTL_FAST_MATH = YES;
				SDKROOT = iphoneos;
				SWIFT_COMPILATION_MODE = wholemodule;
				SWIFT_OPTIMIZATION_LEVEL = "-O";
				VALIDATE_PRODUCT = YES;
			};
			name = Release;
		};
		8D1F99102AA7243200904521 /* Debug */ = {
			isa = XCBuildConfiguration;
			buildSettings = {
				ASSETCATALOG_COMPILER_APPICON_NAME = AppIcon;
				ASSETCATALOG_COMPILER_GLOBAL_ACCENT_COLOR_NAME = AccentColor;
				CODE_SIGN_STYLE = Automatic;
				CURRENT_PROJECT_VERSION = 1;
				GENERATE_INFOPLIST_FILE = YES;
				INFOPLIST_FILE = Astrotalk_Demo_iOS_UIKit/Info.plist;
				INFOPLIST_KEY_UIApplicationSupportsIndirectInputEvents = YES;
				INFOPLIST_KEY_UILaunchStoryboardName = LaunchScreen;
				INFOPLIST_KEY_UIMainStoryboardFile = Main;
				INFOPLIST_KEY_UISupportedInterfaceOrientations_iPad = "UIInterfaceOrientationPortrait UIInterfaceOrientationPortraitUpsideDown UIInterfaceOrientationLandscapeLeft UIInterfaceOrientationLandscapeRight";
				INFOPLIST_KEY_UISupportedInterfaceOrientations_iPhone = "UIInterfaceOrientationPortrait UIInterfaceOrientationLandscapeLeft UIInterfaceOrientationLandscapeRight";
				LD_RUNPATH_SEARCH_PATHS = (
					"$(inherited)",
					"@executable_path/Frameworks",
				);
				MARKETING_VERSION = 1.0;
				PRODUCT_BUNDLE_IDENTIFIER = "example.com.Astrotalk-Demo-iOS-UIKit";
				PRODUCT_NAME = "$(TARGET_NAME)";
				SWIFT_EMIT_LOC_STRINGS = YES;
				SWIFT_VERSION = 5.0;
				TARGETED_DEVICE_FAMILY = "1,2";
			};
			name = Debug;
		};
		8D1F99112AA7243200904521 /* Release */ = {
			isa = XCBuildConfiguration;
			buildSettings = {
				ASSETCATALOG_COMPILER_APPICON_NAME = AppIcon;
				ASSETCATALOG_COMPILER_GLOBAL_ACCENT_COLOR_NAME = AccentColor;
				CODE_SIGN_STYLE = Automatic;
				CURRENT_PROJECT_VERSION = 1;
				GENERATE_INFOPLIST_FILE = YES;
				INFOPLIST_FILE = Astrotalk_Demo_iOS_UIKit/Info.plist;
				INFOPLIST_KEY_UIApplicationSupportsIndirectInputEvents = YES;
				INFOPLIST_KEY_UILaunchStoryboardName = LaunchScreen;
				INFOPLIST_KEY_UIMainStoryboardFile = Main;
				INFOPLIST_KEY_UISupportedInterfaceOrientations_iPad = "UIInterfaceOrientationPortrait UIInterfaceOrientationPortraitUpsideDown UIInterfaceOrientationLandscapeLeft UIInterfaceOrientationLandscapeRight";
				INFOPLIST_KEY_UISupportedInterfaceOrientations_iPhone = "UIInterfaceOrientationPortrait UIInterfaceOrientationLandscapeLeft UIInterfaceOrientationLandscapeRight";
				LD_RUNPATH_SEARCH_PATHS = (
					"$(inherited)",
					"@executable_path/Frameworks",
				);
				MARKETING_VERSION = 1.0;
				PRODUCT_BUNDLE_IDENTIFIER = "example.com.Astrotalk-Demo-iOS-UIKit";
				PRODUCT_NAME = "$(TARGET_NAME)";
				SWIFT_EMIT_LOC_STRINGS = YES;
				SWIFT_VERSION = 5.0;
				TARGETED_DEVICE_FAMILY = "1,2";
			};
			name = Release;
		};
/* End XCBuildConfiguration section */

/* Begin XCConfigurationList section */
		8D1F98F62AA7243100904521 /* Build configuration list for PBXProject "Astrotalk_Demo_iOS_UIKit" */ = {
			isa = XCConfigurationList;
			buildConfigurations = (
				8D1F990D2AA7243200904521 /* Debug */,
				8D1F990E2AA7243200904521 /* Release */,
			);
			defaultConfigurationIsVisible = 0;
			defaultConfigurationName = Release;
		};
		8D1F990F2AA7243200904521 /* Build configuration list for PBXNativeTarget "Astrotalk_Demo_iOS_UIKit" */ = {
			isa = XCConfigurationList;
			buildConfigurations = (
				8D1F99102AA7243200904521 /* Debug */,
				8D1F99112AA7243200904521 /* Release */,
			);
			defaultConfigurationIsVisible = 0;
			defaultConfigurationName = Release;
		};
/* End XCConfigurationList section */
	};
	rootObject = 8D1F98F32AA7243100904521 /* Project object */;
}
